
Microsoft Visual Studio Solution File, Format Version 12.00
# Visual Studio Version 17
VisualStudioVersion = 17.11.35222.181
MinimumVisualStudioVersion = 10.0.40219.1
Project("{FAE04EC0-301F-11D3-BF4B-00C04F79EFBC}") = "testsql", "testsql\testsql.csproj", "{2E06095E-7CCA-4C68-818F-6A397316FC7E}"
EndProject
Global
	GlobalSection(SolutionConfigurationPlatforms) = preSolution
		Debug|Any CPU = Debug|Any CPU
		Release|Any CPU = Release|Any CPU
	EndGlobalSection
	GlobalSection(ProjectConfigurationPlatforms) = postSolution
		{2E06095E-7CCA-4C68-818F-6A397316FC7E}.Debug|Any CPU.ActiveCfg = Debug|Any CPU
		{2E06095E-7CCA-4C68-818F-6A397316FC7E}.Debug|Any CPU.Build.0 = Debug|Any CPU
		{2E06095E-7CCA-4C68-818F-6A397316FC7E}.Release|Any CPU.ActiveCfg = Release|Any CPU
		{2E06095E-7CCA-4C68-818F-6A397316FC7E}.Release|Any CPU.Build.0 = Release|Any CPU
	EndGlobalSection
	GlobalSection(SolutionProperties) = preSolution
		HideSolutionNode = FALSE
	EndGlobalSection
	GlobalSection(ExtensibilityGlobals) = postSolution
		SolutionGuid = {6748950B-D028-4E82-9A56-F01FB6302C33}
	EndGlobalSection
EndGlobal
